{
  "name": "memz",
  "version": "1.0.0",
  "lockfileVersion": 2,
  "requires": true,
  "packages": {
    "": {
      "name": "memz",
      "version": "1.0.0",
      "license": "ISC",
      "dependencies": {
        "node": "14.17.6"
      },
      "engines": {
        "node": "14.17.6"
      }
    },
    "node_modules/node": {
      "version": "14.17.6",
      "resolved": "https://registry.npmjs.org/node/-/node-14.17.6.tgz",
      "integrity": "sha512-bnXk1lBs8Gh/Md5MP4ziojLOMBU05QLc16Ie7/rNORpLf1K5+2OdEl4KbMfllE3cDWM//qQXyvN59ZSZdFnBaQ==",
      "hasInstallScript": true,
      "dependencies": {
        "node-bin-setup": "^1.0.0"
      },
      "bin": {
        "node": "bin/node"
      },
      "engines": {
        "npm": ">=5.0.0"
      }
    },
    "node_modules/node-bin-setup": {
      "version": "1.1.0",
      "resolved": "https://registry.npmjs.org/node-bin-setup/-/node-bin-setup-1.1.0.tgz",
      "integrity": "sha512-pTeU6NgUrexiLNtd+AKwvg6cngHMvj5FZ5e2bbv2ogBSIc9yhkXSSaTScfSRZnwHIh5YFmYSYlemLWkiKD7rog=="
    }
  },
  "dependencies": {
    "node": {
      "version": "14.17.6",
      "resolved": "https://registry.npmjs.org/node/-/node-14.17.6.tgz",
      "integrity": "sha512-bnXk1lBs8Gh/Md5MP4ziojLOMBU05QLc16Ie7/rNORpLf1K5+2OdEl4KbMfllE3cDWM//qQXyvN59ZSZdFnBaQ==",
      "requires": {
        "node-bin-setup": "^1.0.0"
      }
    },
    "node-bin-setup": {
      "version": "1.1.0",
      "resolved": "https://registry.npmjs.org/node-bin-setup/-/node-bin-setup-1.1.0.tgz",
      "integrity": "sha512-pTeU6NgUrexiLNtd+AKwvg6cngHMvj5FZ5e2bbv2ogBSIc9yhkXSSaTScfSRZnwHIh5YFmYSYlemLWkiKD7rog=="
    }
  }
}
